
Microsoft Visual Studio Solution File, Format Version 12.00
# Visual Studio 15
VisualStudioVersion = 15.0.28010.2019
MinimumVisualStudioVersion = 10.0.40219.1
Project("{FAE04EC0-301F-11D3-BF4B-00C04F79EFBC}") = "LineHomeCamera", "LineHomeCamera\LineHomeCamera.csproj", "{895AADAF-70A9-4B5B-9D14-C61334DD258F}"
EndProject
Project("{FAE04EC0-301F-11D3-BF4B-00C04F79EFBC}") = "Mazzudio.Line", "Mazzudio.Line\Mazzudio.Line.csproj", "{EC10490A-9904-41D6-85C1-9073E2097009}"
EndProject
Global
	GlobalSection(SolutionConfigurationPlatforms) = preSolution
		Debug|Any CPU = Debug|Any CPU
		Release|Any CPU = Release|Any CPU
	EndGlobalSection
	GlobalSection(ProjectConfigurationPlatforms) = postSolution
		{895AADAF-70A9-4B5B-9D14-C61334DD258F}.Debug|Any CPU.ActiveCfg = Debug|Any CPU
		{895AADAF-70A9-4B5B-9D14-C61334DD258F}.Debug|Any CPU.Build.0 = Debug|Any CPU
		{895AADAF-70A9-4B5B-9D14-C61334DD258F}.Release|Any CPU.ActiveCfg = Release|Any CPU
		{895AADAF-70A9-4B5B-9D14-C61334DD258F}.Release|Any CPU.Build.0 = Release|Any CPU
		{EC10490A-9904-41D6-85C1-9073E2097009}.Debug|Any CPU.ActiveCfg = Debug|Any CPU
		{EC10490A-9904-41D6-85C1-9073E2097009}.Debug|Any CPU.Build.0 = Debug|Any CPU
		{EC10490A-9904-41D6-85C1-9073E2097009}.Release|Any CPU.ActiveCfg = Release|Any CPU
		{EC10490A-9904-41D6-85C1-9073E2097009}.Release|Any CPU.Build.0 = Release|Any CPU
	EndGlobalSection
	GlobalSection(SolutionProperties) = preSolution
		HideSolutionNode = FALSE
	EndGlobalSection
	GlobalSection(ExtensibilityGlobals) = postSolution
		SolutionGuid = {2D0CC618-8756-4B34-A32B-F4F53B409F8C}
	EndGlobalSection
EndGlobal
